
Microsoft Visual Studio Solution File, Format Version 12.00
# Visual Studio Version 17
VisualStudioVersion = 17.8.34408.163
MinimumVisualStudioVersion = 10.0.40219.1
Project("{9A19103F-16F7-4668-BE54-9A1E7A4F7556}") = "IfElseStatements", "IfElseStatements\IfElseStatements.csproj", "{DDB84ECE-54BF-4036-B24A-CD109EE6D475}"
EndProject
Project("{9A19103F-16F7-4668-BE54-9A1E7A4F7556}") = "Methods", "Methods\Methods.csproj", "{DA8D10BF-10F3-46AD-BD84-338CE6B79846}"
EndProject
Project("{FAE04EC0-301F-11D3-BF4B-00C04F79EFBC}") = "StringInterpolation", "StringInterpolation\StringInterpolation.csproj", "{E4C465F5-E4B6-4443-8FFF-8ADBA60670B2}"
EndProject
Global
	GlobalSection(SolutionConfigurationPlatforms) = preSolution
		Debug|Any CPU = Debug|Any CPU
		Release|Any CPU = Release|Any CPU
	EndGlobalSection
	GlobalSection(ProjectConfigurationPlatforms) = postSolution
		{DDB84ECE-54BF-4036-B24A-CD109EE6D475}.Debug|Any CPU.ActiveCfg = Debug|Any CPU
		{DDB84ECE-54BF-4036-B24A-CD109EE6D475}.Debug|Any CPU.Build.0 = Debug|Any CPU
		{DDB84ECE-54BF-4036-B24A-CD109EE6D475}.Release|Any CPU.ActiveCfg = Release|Any CPU
		{DDB84ECE-54BF-4036-B24A-CD109EE6D475}.Release|Any CPU.Build.0 = Release|Any CPU
		{DA8D10BF-10F3-46AD-BD84-338CE6B79846}.Debug|Any CPU.ActiveCfg = Debug|Any CPU
		{DA8D10BF-10F3-46AD-BD84-338CE6B79846}.Debug|Any CPU.Build.0 = Debug|Any CPU
		{DA8D10BF-10F3-46AD-BD84-338CE6B79846}.Release|Any CPU.ActiveCfg = Release|Any CPU
		{DA8D10BF-10F3-46AD-BD84-338CE6B79846}.Release|Any CPU.Build.0 = Release|Any CPU
		{E4C465F5-E4B6-4443-8FFF-8ADBA60670B2}.Debug|Any CPU.ActiveCfg = Debug|Any CPU
		{E4C465F5-E4B6-4443-8FFF-8ADBA60670B2}.Debug|Any CPU.Build.0 = Debug|Any CPU
		{E4C465F5-E4B6-4443-8FFF-8ADBA60670B2}.Release|Any CPU.ActiveCfg = Release|Any CPU
		{E4C465F5-E4B6-4443-8FFF-8ADBA60670B2}.Release|Any CPU.Build.0 = Release|Any CPU
	EndGlobalSection
	GlobalSection(SolutionProperties) = preSolution
		HideSolutionNode = FALSE
	EndGlobalSection
	GlobalSection(ExtensibilityGlobals) = postSolution
		SolutionGuid = {56D7FBE2-F251-40B1-8721-67E51E4F0B79}
	EndGlobalSection
EndGlobal
